<Solution>
  <Project Path="ConsoleApp.ExceptionHandlingDemo/ConsoleApp.ExceptionHandlingDemo.csproj" Id="9cb58b13-fc9a-4c7d-b8d8-a083a9c57532" />
  <Project Path="ConsoleApp.loops/ConsoleApp.loops.csproj" Id="5ff76cd5-1d27-432f-8bcb-15ff427842d2" />
  <Project Path="ConsoleApp.Operators/ConsoleApp.Operators.csproj" />
  <Project Path="ConsoleApp.OutputDemo/ConsoleApp.OutputDemo.csproj" />
  <Project Path="ConsoleApp.SampleCalculator/ConsoleApp.SampleCalculator.csproj" Id="8aadfda5-8f36-43f0-b042-51977c83c916" />
  <Project Path="ConsoleApp.StringManipulation/ConsoleApp.StringManipulation.csproj" Id="a2cf3d56-d162-444a-8a6c-34287faa376c" />
  <Project Path="ConsoleApp.UserInputDemo/ConsoleApp.UserInputDemo.csproj" />
  <Project Path="ConsoleApp.VariablesDemo/ConsoleApp.VariablesDemo.csproj" />
</Solution>
